
Microsoft Visual Studio Solution File, Format Version 12.00
# Visual Studio Version 17
VisualStudioVersion = 17.13.35806.99 d17.13
MinimumVisualStudioVersion = 10.0.40219.1
Project("{FAE04EC0-301F-11D3-BF4B-00C04F79EFBC}") = "exerc1", "ExemploPoo\exerc1.csproj", "{8F995B9C-EBC8-4395-AB39-BE80D729C183}"
EndProject
Global
	GlobalSection(SolutionConfigurationPlatforms) = preSolution
		Debug|Any CPU = Debug|Any CPU
		Release|Any CPU = Release|Any CPU
	EndGlobalSection
	GlobalSection(ProjectConfigurationPlatforms) = postSolution
		{8F995B9C-EBC8-4395-AB39-BE80D729C183}.Debug|Any CPU.ActiveCfg = Debug|Any CPU
		{8F995B9C-EBC8-4395-AB39-BE80D729C183}.Debug|Any CPU.Build.0 = Debug|Any CPU
		{8F995B9C-EBC8-4395-AB39-BE80D729C183}.Release|Any CPU.ActiveCfg = Release|Any CPU
		{8F995B9C-EBC8-4395-AB39-BE80D729C183}.Release|Any CPU.Build.0 = Release|Any CPU
	EndGlobalSection
	GlobalSection(SolutionProperties) = preSolution
		HideSolutionNode = FALSE
	EndGlobalSection
	GlobalSection(ExtensibilityGlobals) = postSolution
		SolutionGuid = {B7C9F524-DEA1-483E-A5F3-89E3F19C0D8D}
	EndGlobalSection
EndGlobal
